
Microsoft Visual Studio Solution File, Format Version 12.00
# Visual Studio Version 16
VisualStudioVersion = 16.0.29613.14
MinimumVisualStudioVersion = 10.0.40219.1
Project("{FAE04EC0-301F-11D3-BF4B-00C04F79EFBC}") = "03_guessGame", "03_guessGame.csproj", "{41070831-3214-4FA0-89EE-0E36D27BDC71}"
EndProject
Global
	GlobalSection(SolutionConfigurationPlatforms) = preSolution
		Debug|Any CPU = Debug|Any CPU
		Release|Any CPU = Release|Any CPU
	EndGlobalSection
	GlobalSection(ProjectConfigurationPlatforms) = postSolution
		{41070831-3214-4FA0-89EE-0E36D27BDC71}.Debug|Any CPU.ActiveCfg = Debug|Any CPU
		{41070831-3214-4FA0-89EE-0E36D27BDC71}.Debug|Any CPU.Build.0 = Debug|Any CPU
		{41070831-3214-4FA0-89EE-0E36D27BDC71}.Release|Any CPU.ActiveCfg = Release|Any CPU
		{41070831-3214-4FA0-89EE-0E36D27BDC71}.Release|Any CPU.Build.0 = Release|Any CPU
	EndGlobalSection
	GlobalSection(SolutionProperties) = preSolution
		HideSolutionNode = FALSE
	EndGlobalSection
	GlobalSection(ExtensibilityGlobals) = postSolution
		SolutionGuid = {300D7DEA-3399-4A25-9B00-D502F1ECD054}
	EndGlobalSection
EndGlobal
